
Microsoft Visual Studio Solution File, Format Version 12.00
# Visual Studio Version 17
VisualStudioVersion = 17.2.32526.322
MinimumVisualStudioVersion = 10.0.40219.1
Project("{FAE04EC0-301F-11D3-BF4B-00C04F79EFBC}") = "AdminVsCustomerTwo", "AdminVsCustomerTwo.csproj", "{15473E73-7B09-454B-B24C-C56B75251AC6}"
EndProject
Global
	GlobalSection(SolutionConfigurationPlatforms) = preSolution
		Debug|Any CPU = Debug|Any CPU
		Release|Any CPU = Release|Any CPU
	EndGlobalSection
	GlobalSection(ProjectConfigurationPlatforms) = postSolution
		{15473E73-7B09-454B-B24C-C56B75251AC6}.Debug|Any CPU.ActiveCfg = Debug|Any CPU
		{15473E73-7B09-454B-B24C-C56B75251AC6}.Debug|Any CPU.Build.0 = Debug|Any CPU
		{15473E73-7B09-454B-B24C-C56B75251AC6}.Release|Any CPU.ActiveCfg = Release|Any CPU
		{15473E73-7B09-454B-B24C-C56B75251AC6}.Release|Any CPU.Build.0 = Release|Any CPU
	EndGlobalSection
	GlobalSection(SolutionProperties) = preSolution
		HideSolutionNode = FALSE
	EndGlobalSection
	GlobalSection(ExtensibilityGlobals) = postSolution
		SolutionGuid = {C84A264D-6081-4975-B857-7A2EE20119D7}
	EndGlobalSection
EndGlobal
